{
  "name": "harmless-demo",
  "version": "1.0.0",
  "lockfileVersion": 3,
  "requires": true,
  "packages": {
    "": {
      "name": "harmless-demo",
      "version": "1.0.0",
      "hasInstallScript": true,
      "license": "ISC",
      "dependencies": {
        "lodash": "github:lodash/lodash"
      }
    },
    "node_modules/lodash": {
      "version": "4.18.1",
      "resolved": "git+ssh://git@github.com/lodash/lodash.git#a02353279093cca0fea1c8cc468ffbf03bb3485b",
      "license": "MIT",
      "engines": {
        "node": ">=4.0.0"
      }
    }
  }
}
